
Microsoft Visual Studio Solution File, Format Version 12.00
# Visual Studio Version 17
VisualStudioVersion = 17.0.31903.59
MinimumVisualStudioVersion = 10.0.40219.1
Project("{9A19103F-16F7-4668-BE54-9A1E7A4F7556}") = "SlowFox.Constructors", "src\SlowFox.Constructors\SlowFox.Constructors.csproj", "{20F95D73-4BD5-4DE4-85E8-6EC74B6A099D}"
EndProject
Project("{9A19103F-16F7-4668-BE54-9A1E7A4F7556}") = "SlowFox.Constructors.Tests", "tests\SlowFox.Constructors.Tests\SlowFox.Constructors.Tests.csproj", "{CE642FBB-60B4-43B9-9ADE-83C1341FC523}"
EndProject
Project("{9A19103F-16F7-4668-BE54-9A1E7A4F7556}") = "ExternalProject.Net5.Constructors.Sample", "tests\ExternalProject.Net5.Constructors.Sample\ExternalProject.Net5.Constructors.Sample.csproj", "{1AEBC9D4-B627-4215-B4BE-9D8714E9196C}"
EndProject
Project("{2150E333-8FDC-42A3-9474-1A3956D46DE8}") = "1.Generators", "1.Generators", "{95A76331-56BB-410B-BE6C-67035E2F0EDC}"
EndProject
Project("{2150E333-8FDC-42A3-9474-1A3956D46DE8}") = "2.Tests", "2.Tests", "{6238711A-68AD-48A4-B332-5985E7978EC7}"
EndProject
Project("{2150E333-8FDC-42A3-9474-1A3956D46DE8}") = "1.NuGet", "1.NuGet", "{E646EF38-7469-4049-9821-C1F73478C017}"
EndProject
Project("{2150E333-8FDC-42A3-9474-1A3956D46DE8}") = "3.SampleSolutions", "3.SampleSolutions", "{0FAB3773-CADC-4721-9A6F-E1885E3FF208}"
EndProject
Project("{9A19103F-16F7-4668-BE54-9A1E7A4F7556}") = "ExternalProject.Net5.Constructors.Sample.Tests", "tests\ExternalProject.Net5.Constructors.Sample.Tests\ExternalProject.Net5.Constructors.Sample.Tests.csproj", "{0C23F7DC-7AF0-4F02-BAC2-62FCF69E1C4C}"
EndProject
Project("{9A19103F-16F7-4668-BE54-9A1E7A4F7556}") = "ExternalProject.Net6.Constructors.Sample", "tests\ExternalProject.Net6.Constructors.Sample\ExternalProject.Net6.Constructors.Sample.csproj", "{867AC94D-0C2D-439A-BFA2-F8AB0A5CB0A1}"
EndProject
Project("{9A19103F-16F7-4668-BE54-9A1E7A4F7556}") = "ExternalProject.Net6.Constructors.Sample.Tests", "tests\ExternalProject.Net6.Constructors.Sample.Tests\ExternalProject.Net6.Constructors.Sample.Tests.csproj", "{4CE5AFB2-EE1D-465D-B28A-CA38D21478DB}"
EndProject
Project("{2150E333-8FDC-42A3-9474-1A3956D46DE8}") = "Net5", "Net5", "{1D82D6CF-3080-4A5D-BCA9-B45370AD7EDF}"
EndProject
Project("{2150E333-8FDC-42A3-9474-1A3956D46DE8}") = "Net6", "Net6", "{7967BA9B-7783-43AE-8814-9C0E97796EC5}"
EndProject
Project("{2150E333-8FDC-42A3-9474-1A3956D46DE8}") = "Net3.1", "Net3.1", "{5196FD4E-F414-465C-96DD-5C0CADFD0ED7}"
EndProject
Project("{9A19103F-16F7-4668-BE54-9A1E7A4F7556}") = "ExternalProject.Net3_1.Constructors.Sample", "tests\ExternalProject.Net3_1.Constructors.Sample\ExternalProject.Net3_1.Constructors.Sample.csproj", "{0FBE39EE-C787-4622-BC73-94540BF8E189}"
EndProject
Project("{9A19103F-16F7-4668-BE54-9A1E7A4F7556}") = "ExternalProject.Net3_1.Constructors.Sample.Tests", "tests\ExternalProject.Net3_1.Constructors.Sample.Tests\ExternalProject.Net3_1.Constructors.Sample.Tests.csproj", "{950B198D-8935-4B2E-B6BA-3ACEACC5839C}"
EndProject
Project("{9A19103F-16F7-4668-BE54-9A1E7A4F7556}") = "SlowFox.UnitTestMocks.MSTest", "src\SlowFox.UnitTestMocks.MSTest\SlowFox.UnitTestMocks.MSTest.csproj", "{2AEBCD23-071E-4AD8-A5C6-DE418446D035}"
EndProject
Project("{9A19103F-16F7-4668-BE54-9A1E7A4F7556}") = "SlowFox.UnitTestMocks.MSTest.Tests", "tests\SlowFox.UnitTestMocks.MSTest.Tests\SlowFox.UnitTestMocks.MSTest.Tests.csproj", "{F5408DD0-B620-4B3B-BA8D-BD44123C0CC2}"
EndProject
Project("{2150E333-8FDC-42A3-9474-1A3956D46DE8}") = "1.Constructors", "1.Constructors", "{80FC75C7-FBCD-4CDB-A2EE-533D451AADF6}"
EndProject
Project("{2150E333-8FDC-42A3-9474-1A3956D46DE8}") = "2.UnitTestMocks", "2.UnitTestMocks", "{7E76F822-7A71-40F5-A328-AF09E5B9C58C}"
EndProject
Project("{2150E333-8FDC-42A3-9474-1A3956D46DE8}") = "Net6", "Net6", "{3464D1F5-F12A-4E9F-B65C-26E6AE72B4CB}"
EndProject
Project("{9A19103F-16F7-4668-BE54-9A1E7A4F7556}") = "ExternalProject.Net6.UnitTestMocks.MSTest.Sample.Tests", "tests\ExternalProject.Net6.UnitTestMocks.MSTest.Sample.Tests\ExternalProject.Net6.UnitTestMocks.MSTest.Sample.Tests.csproj", "{3DCB4566-6E1D-4E93-8007-05A8B286ABF4}"
EndProject
Project("{9A19103F-16F7-4668-BE54-9A1E7A4F7556}") = "ExternalProject.Net6.UnitTestMocks.Sample", "tests\ExternalProject.Net6.UnitTestMocks.Sample\ExternalProject.Net6.UnitTestMocks.Sample.csproj", "{26EB7B24-7C01-42A3-BD4C-660AA6E89484}"
EndProject
Project("{2150E333-8FDC-42A3-9474-1A3956D46DE8}") = "Net5", "Net5", "{282358C2-0ECF-4920-9BDC-FBF73E89C6C0}"
EndProject
Project("{9A19103F-16F7-4668-BE54-9A1E7A4F7556}") = "ExternalProject.Net5.UnitTestMocks.Sample", "tests\ExternalProject.Net5.UnitTestMocks.Sample\ExternalProject.Net5.UnitTestMocks.Sample.csproj", "{83450C69-7EBA-435C-9BC0-8503F7303057}"
EndProject
Project("{9A19103F-16F7-4668-BE54-9A1E7A4F7556}") = "ExternalProject.Net5.UnitTestMocks.MSTest.Sample.Tests", "tests\ExternalProject.Net5.UnitTestMocks.MSTest.Sample.Tests\ExternalProject.Net5.UnitTestMocks.MSTest.Sample.Tests.csproj", "{8D18C7F7-9D9E-445D-B5F9-C4EED10AE7BC}"
EndProject
Project("{2150E333-8FDC-42A3-9474-1A3956D46DE8}") = "Net3.1", "Net3.1", "{F4DBDAD4-FE8D-48F3-8D3B-AA1872EF4A41}"
EndProject
Project("{9A19103F-16F7-4668-BE54-9A1E7A4F7556}") = "ExternalProject.Net3_1.UnitTestMocks.Sample", "tests\ExternalProject.Net3_1.UnitTestMocks.Sample\ExternalProject.Net3_1.UnitTestMocks.Sample.csproj", "{32E230D1-1B30-4021-BBE2-CCC9F12A6B68}"
EndProject
Project("{9A19103F-16F7-4668-BE54-9A1E7A4F7556}") = "ExternalProject.Net3_1.UnitTestMocks.MSTest.Sample.Tests", "tests\ExternalProject.Net3_1.UnitTestMocks.MSTest.Sample.Tests\ExternalProject.Net3_1.UnitTestMocks.MSTest.Sample.Tests.csproj", "{B4A02F7B-CE30-49CF-8240-887AB1CE821C}"
EndProject
Project("{9A19103F-16F7-4668-BE54-9A1E7A4F7556}") = "ExternalProject.Net6.UnitTestMocks.MSTest.Constructors.Sample.Tests", "tests\ExternalProject.Net6.UnitTestMocks.MSTest.Constructors.Sample.Tests\ExternalProject.Net6.UnitTestMocks.MSTest.Constructors.Sample.Tests.csproj", "{DF5E9DED-062D-49D5-A0C0-D0C4D56DC3C1}"
EndProject
Project("{9A19103F-16F7-4668-BE54-9A1E7A4F7556}") = "SlowFox.Core", "src\SlowFox.Core\SlowFox.Core.csproj", "{98F46F8E-8893-4688-8E14-9957C6B31D43}"
EndProject
Project("{2150E333-8FDC-42A3-9474-1A3956D46DE8}") = "0.Core", "0.Core", "{A6E582BF-5672-4F2F-B722-AB5D7F53E4F1}"
EndProject
Project("{9A19103F-16F7-4668-BE54-9A1E7A4F7556}") = "SlowFox.Tests.Core", "tests\SlowFox.Tests.Core\SlowFox.Tests.Core.csproj", "{BC39C81B-96B6-4F77-AF6B-F4801390334A}"
EndProject
Project("{2150E333-8FDC-42A3-9474-1A3956D46DE8}") = "Base", "Base", "{87581FA7-0D2E-4219-B66F-47BC4B3D152D}"
EndProject
Project("{9A19103F-16F7-4668-BE54-9A1E7A4F7556}") = "ExternalProject.Net3_1.UnitTestMocks.MSTest.Constructors.Sample.Tests", "tests\ExternalProject.Net3_1.UnitTestMocks.MSTest.Constructors.Sample.Tests\ExternalProject.Net3_1.UnitTestMocks.MSTest.Constructors.Sample.Tests.csproj", "{17653E3E-6C99-4336-99B6-659BC6309C07}"
EndProject
Project("{9A19103F-16F7-4668-BE54-9A1E7A4F7556}") = "ExternalProject.Net5.UnitTestMocks.MSTest.Constructors.Sample.Tests", "tests\ExternalProject.Net5.UnitTestMocks.MSTest.Constructors.Sample.Tests\ExternalProject.Net5.UnitTestMocks.MSTest.Constructors.Sample.Tests.csproj", "{B3330925-E8C5-454F-ABA3-3753DE26C55D}"
EndProject
Project("{9A19103F-16F7-4668-BE54-9A1E7A4F7556}") = "ExternalProject.Net6.UnitTestMocks.MSTest.Constructors.Linked.Tests", "tests\ExternalProject.Net6.UnitTestMocks.MSTest.Constructors.Linked.Tests\ExternalProject.Net6.UnitTestMocks.MSTest.Constructors.Linked.Tests.csproj", "{DE39CDBC-3F69-48EC-9834-BE550875C41B}"
EndProject
Project("{9A19103F-16F7-4668-BE54-9A1E7A4F7556}") = "ExternalProject.Net3_1.UnitTestMocks.MSTest.Constructors.Linked.Tests", "tests\ExternalProject.Net3_1.UnitTestMocks.MSTest.Constructors.Linked.Tests\ExternalProject.Net3_1.UnitTestMocks.MSTest.Constructors.Linked.Tests.csproj", "{CCB347CA-5199-428E-A5AD-0FCEA272B9BB}"
EndProject
Project("{9A19103F-16F7-4668-BE54-9A1E7A4F7556}") = "ExternalProject.Net5.UnitTestMocks.MSTest.Constructors.Linked.Tests", "tests\ExternalProject.Net5.UnitTestMocks.MSTest.Constructors.Linked.Tests\ExternalProject.Net5.UnitTestMocks.MSTest.Constructors.Linked.Tests.csproj", "{CCD135E0-1FBF-4199-9542-8FBDA1426EF2}"
EndProject
Project("{9A19103F-16F7-4668-BE54-9A1E7A4F7556}") = "SlowFox.UnitTestMocks.xUnit", "src\SlowFox.UnitTestMocks.xUnit\SlowFox.UnitTestMocks.xUnit.csproj", "{67D8F05F-1973-4555-8DA5-EF7DCD06B823}"
EndProject
Project("{9A19103F-16F7-4668-BE54-9A1E7A4F7556}") = "SlowFox.UnitTestMocks.xUnit.Tests", "tests\SlowFox.UnitTestMocks.xUnit.Tests\SlowFox.UnitTestMocks.xUnit.Tests.csproj", "{B9C9B015-8284-4310-BEC3-6BD3E12140C1}"
EndProject
Project("{9A19103F-16F7-4668-BE54-9A1E7A4F7556}") = "ExternalProject.Net6.UnitTestMocks.xUnit.Sample.Tests", "tests\ExternalProject.Net6.UnitTestMocks.xUnit.Sample.Tests\ExternalProject.Net6.UnitTestMocks.xUnit.Sample.Tests.csproj", "{630B2B5E-4863-4BAD-871B-93F60DAC7225}"
EndProject
Project("{9A19103F-16F7-4668-BE54-9A1E7A4F7556}") = "ExternalProject.Net6.UnitTestMocks.xUnit.Constructors.Sample.Tests", "tests\ExternalProject.Net6.UnitTestMocks.xUnit.Constructors.Sample.Tests\ExternalProject.Net6.UnitTestMocks.xUnit.Constructors.Sample.Tests.csproj", "{0D8EF9CA-E7A3-4D72-A16A-FF67BBA944CC}"
EndProject
Project("{9A19103F-16F7-4668-BE54-9A1E7A4F7556}") = "ExternalProject.Net6.UnitTestMocks.xUnit.Constructors.Linked.Tests", "tests\ExternalProject.Net6.UnitTestMocks.xUnit.Constructors.Linked.Tests\ExternalProject.Net6.UnitTestMocks.xUnit.Constructors.Linked.Tests.csproj", "{B66F14F7-4E19-4993-9D96-B968A4F6D8CC}"
EndProject
Project("{9A19103F-16F7-4668-BE54-9A1E7A4F7556}") = "ExternalProject.Net5.UnitTestMocks.xUnit.Constructors.Linked.Tests", "tests\ExternalProject.Net5.UnitTestMocks.xUnit.Constructors.Linked.Tests\ExternalProject.Net5.UnitTestMocks.xUnit.Constructors.Linked.Tests.csproj", "{BA94D977-1AE8-4BEA-8012-FF581F112B14}"
EndProject
Project("{9A19103F-16F7-4668-BE54-9A1E7A4F7556}") = "ExternalProject.Net5.UnitTestMocks.xUnit.Constructors.Sample.Tests", "tests\ExternalProject.Net5.UnitTestMocks.xUnit.Constructors.Sample.Tests\ExternalProject.Net5.UnitTestMocks.xUnit.Constructors.Sample.Tests.csproj", "{4F2E0EBD-83BC-4A48-B491-5F8125DBAEA2}"
EndProject
Project("{9A19103F-16F7-4668-BE54-9A1E7A4F7556}") = "ExternalProject.Net5.UnitTestMocks.xUnit.Sample.Tests", "tests\ExternalProject.Net5.UnitTestMocks.xUnit.Sample.Tests\ExternalProject.Net5.UnitTestMocks.xUnit.Sample.Tests.csproj", "{DB304D00-BDFF-47C6-921E-C1000F556CDD}"
EndProject
Project("{9A19103F-16F7-4668-BE54-9A1E7A4F7556}") = "ExternalProject.Net5.UnitTestMocks.xUnit.Constructors.Linked.Tests", "tests\ExternalProject.Net3_1.UnitTestMocks.xUnit.Constructors.Linked.Tests\ExternalProject.Net5.UnitTestMocks.xUnit.Constructors.Linked.Tests.csproj", "{758CF4C6-4E54-47A6-80C6-CDD0EB577A9F}"
EndProject
Project("{9A19103F-16F7-4668-BE54-9A1E7A4F7556}") = "ExternalProject.Net3_1.UnitTestMocks.xUnit.Constructors.Sample.Tests", "tests\ExternalProject.Net3_1.UnitTestMocks.xUnit.Constructors.Sample.Tests\ExternalProject.Net3_1.UnitTestMocks.xUnit.Constructors.Sample.Tests.csproj", "{52F1CF2F-8CCC-4235-89E2-3FA884482CB1}"
EndProject
Project("{9A19103F-16F7-4668-BE54-9A1E7A4F7556}") = "ExternalProject.Net3_1.UnitTestMocks.xUnit.Sample.Tests", "tests\ExternalProject.Net3_1.UnitTestMocks.xUnit.Sample.Tests\ExternalProject.Net3_1.UnitTestMocks.xUnit.Sample.Tests.csproj", "{9FCD33C0-79A6-4ACB-8E88-556647127F94}"
EndProject
Project("{9A19103F-16F7-4668-BE54-9A1E7A4F7556}") = "SlowFox.UnitTestMocks.NUnit", "src\SlowFox.UnitTestMocks.NUnit\SlowFox.UnitTestMocks.NUnit.csproj", "{793754A8-218F-48B2-AA35-14967ECBCE75}"
EndProject
Project("{9A19103F-16F7-4668-BE54-9A1E7A4F7556}") = "SlowFox.UnitTestMocks.NUnit.Tests", "tests\SlowFox.UnitTestMocks.NUnit.Tests\SlowFox.UnitTestMocks.NUnit.Tests.csproj", "{4FF40E6C-0068-47BB-B222-A1CBB5BC4804}"
EndProject
Project("{FAE04EC0-301F-11D3-BF4B-00C04F79EFBC}") = "ExternalProject.Net6.UnitTestMocks.NUnit.Sample.Tests", "tests\ExternalProject.Net6.UnitTestMocks.NUnit.Sample.Tests\ExternalProject.Net6.UnitTestMocks.NUnit.Sample.Tests.csproj", "{81A28F16-570C-41CB-AE2E-0120AAB6ED9F}"
EndProject
Project("{9A19103F-16F7-4668-BE54-9A1E7A4F7556}") = "ExternalProject.Net6.UnitTestMocks.NUnit.Constructors.Sample.Tests", "tests\ExternalProject.Net6.UnitTestMocks.NUnit.Constructors.Sample.Tests\ExternalProject.Net6.UnitTestMocks.NUnit.Constructors.Sample.Tests.csproj", "{86F995BB-7DD9-4453-A407-F7E9EE63C5D0}"
EndProject
Project("{9A19103F-16F7-4668-BE54-9A1E7A4F7556}") = "ExternalProject.Net6.UnitTestMocks.NUnit.Constructors.Linked.Tests", "tests\ExternalProject.Net6.UnitTestMocks.NUnit.Constructors.Linked.Tests\ExternalProject.Net6.UnitTestMocks.NUnit.Constructors.Linked.Tests.csproj", "{7156A24B-2CBA-48FE-9B01-0FFD37ADA1D5}"
EndProject
Project("{9A19103F-16F7-4668-BE54-9A1E7A4F7556}") = "ExternalProject.Net5.UnitTestMocks.NUnit.Constructors.Linked.Tests", "tests\ExternalProject.Net5.UnitTestMocks.NUnit.Constructors.Linked.Tests\ExternalProject.Net5.UnitTestMocks.NUnit.Constructors.Linked.Tests.csproj", "{B25CDA00-9066-4FCC-9CF3-2E091C877B1E}"
EndProject
Project("{9A19103F-16F7-4668-BE54-9A1E7A4F7556}") = "ExternalProject.Net5.UnitTestMocks.NUnit.Constructors.Sample.Tests", "tests\ExternalProject.Net5.UnitTestMocks.NUnit.Constructors.Sample.Tests\ExternalProject.Net5.UnitTestMocks.NUnit.Constructors.Sample.Tests.csproj", "{0C2D338F-576D-4EA8-BCE5-FFA7D241513B}"
EndProject
Project("{9A19103F-16F7-4668-BE54-9A1E7A4F7556}") = "ExternalProject.Net5.UnitTestMocks.NUnit.Sample.Tests", "tests\ExternalProject.Net5.UnitTestMocks.NUnit.Sample.Tests\ExternalProject.Net5.UnitTestMocks.NUnit.Sample.Tests.csproj", "{578F6200-F943-455E-8AB7-C17201D434CA}"
EndProject
Project("{9A19103F-16F7-4668-BE54-9A1E7A4F7556}") = "ExternalProject.Net3_1.UnitTestMocks.NUnit.Constructors.Linked.Tests", "tests\ExternalProject.Net3_1.UnitTestMocks.NUnit.Constructors.Linked.Tests\ExternalProject.Net3_1.UnitTestMocks.NUnit.Constructors.Linked.Tests.csproj", "{44BDC023-81D7-4872-8750-EA6D1E4E968E}"
EndProject
Project("{9A19103F-16F7-4668-BE54-9A1E7A4F7556}") = "ExternalProject.Net3_1.UnitTestMocks.NUnit.Constructors.Sample.Tests", "tests\ExternalProject.Net3_1.UnitTestMocks.NUnit.Constructors.Sample.Tests\ExternalProject.Net3_1.UnitTestMocks.NUnit.Constructors.Sample.Tests.csproj", "{68A990BD-A904-4BB2-9DFB-51BEFF95119A}"
EndProject
Project("{9A19103F-16F7-4668-BE54-9A1E7A4F7556}") = "ExternalProject.Net3_1.UnitTestMocks.NUnit.Sample.Tests", "tests\ExternalProject.Net3_1.UnitTestMocks.NUnit.Sample.Tests\ExternalProject.Net3_1.UnitTestMocks.NUnit.Sample.Tests.csproj", "{A5ED2398-56AA-4836-9C4F-FDD6401C2B97}"
EndProject
Global
	GlobalSection(SolutionConfigurationPlatforms) = preSolution
		Debug|Any CPU = Debug|Any CPU
		Release|Any CPU = Release|Any CPU
	EndGlobalSection
	GlobalSection(ProjectConfigurationPlatforms) = postSolution
		{20F95D73-4BD5-4DE4-85E8-6EC74B6A099D}.Debug|Any CPU.ActiveCfg = Debug|Any CPU
		{20F95D73-4BD5-4DE4-85E8-6EC74B6A099D}.Debug|Any CPU.Build.0 = Debug|Any CPU
		{20F95D73-4BD5-4DE4-85E8-6EC74B6A099D}.Release|Any CPU.ActiveCfg = Release|Any CPU
		{20F95D73-4BD5-4DE4-85E8-6EC74B6A099D}.Release|Any CPU.Build.0 = Release|Any CPU
		{CE642FBB-60B4-43B9-9ADE-83C1341FC523}.Debug|Any CPU.ActiveCfg = Debug|Any CPU
		{CE642FBB-60B4-43B9-9ADE-83C1341FC523}.Debug|Any CPU.Build.0 = Debug|Any CPU
		{CE642FBB-60B4-43B9-9ADE-83C1341FC523}.Release|Any CPU.ActiveCfg = Release|Any CPU
		{CE642FBB-60B4-43B9-9ADE-83C1341FC523}.Release|Any CPU.Build.0 = Release|Any CPU
		{1AEBC9D4-B627-4215-B4BE-9D8714E9196C}.Debug|Any CPU.ActiveCfg = Debug|Any CPU
		{1AEBC9D4-B627-4215-B4BE-9D8714E9196C}.Debug|Any CPU.Build.0 = Debug|Any CPU
		{1AEBC9D4-B627-4215-B4BE-9D8714E9196C}.Release|Any CPU.ActiveCfg = Release|Any CPU
		{1AEBC9D4-B627-4215-B4BE-9D8714E9196C}.Release|Any CPU.Build.0 = Release|Any CPU
		{0C23F7DC-7AF0-4F02-BAC2-62FCF69E1C4C}.Debug|Any CPU.ActiveCfg = Debug|Any CPU
		{0C23F7DC-7AF0-4F02-BAC2-62FCF69E1C4C}.Debug|Any CPU.Build.0 = Debug|Any CPU
		{0C23F7DC-7AF0-4F02-BAC2-62FCF69E1C4C}.Release|Any CPU.ActiveCfg = Release|Any CPU
		{0C23F7DC-7AF0-4F02-BAC2-62FCF69E1C4C}.Release|Any CPU.Build.0 = Release|Any CPU
		{867AC94D-0C2D-439A-BFA2-F8AB0A5CB0A1}.Debug|Any CPU.ActiveCfg = Debug|Any CPU
		{867AC94D-0C2D-439A-BFA2-F8AB0A5CB0A1}.Debug|Any CPU.Build.0 = Debug|Any CPU
		{867AC94D-0C2D-439A-BFA2-F8AB0A5CB0A1}.Release|Any CPU.ActiveCfg = Release|Any CPU
		{867AC94D-0C2D-439A-BFA2-F8AB0A5CB0A1}.Release|Any CPU.Build.0 = Release|Any CPU
		{4CE5AFB2-EE1D-465D-B28A-CA38D21478DB}.Debug|Any CPU.ActiveCfg = Debug|Any CPU
		{4CE5AFB2-EE1D-465D-B28A-CA38D21478DB}.Debug|Any CPU.Build.0 = Debug|Any CPU
		{4CE5AFB2-EE1D-465D-B28A-CA38D21478DB}.Release|Any CPU.ActiveCfg = Release|Any CPU
		{4CE5AFB2-EE1D-465D-B28A-CA38D21478DB}.Release|Any CPU.Build.0 = Release|Any CPU
		{0FBE39EE-C787-4622-BC73-94540BF8E189}.Debug|Any CPU.ActiveCfg = Debug|Any CPU
		{0FBE39EE-C787-4622-BC73-94540BF8E189}.Debug|Any CPU.Build.0 = Debug|Any CPU
		{0FBE39EE-C787-4622-BC73-94540BF8E189}.Release|Any CPU.ActiveCfg = Release|Any CPU
		{0FBE39EE-C787-4622-BC73-94540BF8E189}.Release|Any CPU.Build.0 = Release|Any CPU
		{950B198D-8935-4B2E-B6BA-3ACEACC5839C}.Debug|Any CPU.ActiveCfg = Debug|Any CPU
		{950B198D-8935-4B2E-B6BA-3ACEACC5839C}.Debug|Any CPU.Build.0 = Debug|Any CPU
		{950B198D-8935-4B2E-B6BA-3ACEACC5839C}.Release|Any CPU.ActiveCfg = Release|Any CPU
		{950B198D-8935-4B2E-B6BA-3ACEACC5839C}.Release|Any CPU.Build.0 = Release|Any CPU
		{2AEBCD23-071E-4AD8-A5C6-DE418446D035}.Debug|Any CPU.ActiveCfg = Debug|Any CPU
		{2AEBCD23-071E-4AD8-A5C6-DE418446D035}.Debug|Any CPU.Build.0 = Debug|Any CPU
		{2AEBCD23-071E-4AD8-A5C6-DE418446D035}.Release|Any CPU.ActiveCfg = Release|Any CPU
		{2AEBCD23-071E-4AD8-A5C6-DE418446D035}.Release|Any CPU.Build.0 = Release|Any CPU
		{F5408DD0-B620-4B3B-BA8D-BD44123C0CC2}.Debug|Any CPU.ActiveCfg = Debug|Any CPU
		{F5408DD0-B620-4B3B-BA8D-BD44123C0CC2}.Debug|Any CPU.Build.0 = Debug|Any CPU
		{F5408DD0-B620-4B3B-BA8D-BD44123C0CC2}.Release|Any CPU.ActiveCfg = Release|Any CPU
		{F5408DD0-B620-4B3B-BA8D-BD44123C0CC2}.Release|Any CPU.Build.0 = Release|Any CPU
		{3DCB4566-6E1D-4E93-8007-05A8B286ABF4}.Debug|Any CPU.ActiveCfg = Debug|Any CPU
		{3DCB4566-6E1D-4E93-8007-05A8B286ABF4}.Debug|Any CPU.Build.0 = Debug|Any CPU
		{3DCB4566-6E1D-4E93-8007-05A8B286ABF4}.Release|Any CPU.ActiveCfg = Release|Any CPU
		{3DCB4566-6E1D-4E93-8007-05A8B286ABF4}.Release|Any CPU.Build.0 = Release|Any CPU
		{26EB7B24-7C01-42A3-BD4C-660AA6E89484}.Debug|Any CPU.ActiveCfg = Debug|Any CPU
		{26EB7B24-7C01-42A3-BD4C-660AA6E89484}.Debug|Any CPU.Build.0 = Debug|Any CPU
		{26EB7B24-7C01-42A3-BD4C-660AA6E89484}.Release|Any CPU.ActiveCfg = Release|Any CPU
		{26EB7B24-7C01-42A3-BD4C-660AA6E89484}.Release|Any CPU.Build.0 = Release|Any CPU
		{83450C69-7EBA-435C-9BC0-8503F7303057}.Debug|Any CPU.ActiveCfg = Debug|Any CPU
		{83450C69-7EBA-435C-9BC0-8503F7303057}.Debug|Any CPU.Build.0 = Debug|Any CPU
		{83450C69-7EBA-435C-9BC0-8503F7303057}.Release|Any CPU.ActiveCfg = Release|Any CPU
		{83450C69-7EBA-435C-9BC0-8503F7303057}.Release|Any CPU.Build.0 = Release|Any CPU
		{8D18C7F7-9D9E-445D-B5F9-C4EED10AE7BC}.Debug|Any CPU.ActiveCfg = Debug|Any CPU
		{8D18C7F7-9D9E-445D-B5F9-C4EED10AE7BC}.Debug|Any CPU.Build.0 = Debug|Any CPU
		{8D18C7F7-9D9E-445D-B5F9-C4EED10AE7BC}.Release|Any CPU.ActiveCfg = Release|Any CPU
		{8D18C7F7-9D9E-445D-B5F9-C4EED10AE7BC}.Release|Any CPU.Build.0 = Release|Any CPU
		{32E230D1-1B30-4021-BBE2-CCC9F12A6B68}.Debug|Any CPU.ActiveCfg = Debug|Any CPU
		{32E230D1-1B30-4021-BBE2-CCC9F12A6B68}.Debug|Any CPU.Build.0 = Debug|Any CPU
		{32E230D1-1B30-4021-BBE2-CCC9F12A6B68}.Release|Any CPU.ActiveCfg = Release|Any CPU
		{32E230D1-1B30-4021-BBE2-CCC9F12A6B68}.Release|Any CPU.Build.0 = Release|Any CPU
		{B4A02F7B-CE30-49CF-8240-887AB1CE821C}.Debug|Any CPU.ActiveCfg = Debug|Any CPU
		{B4A02F7B-CE30-49CF-8240-887AB1CE821C}.Debug|Any CPU.Build.0 = Debug|Any CPU
		{B4A02F7B-CE30-49CF-8240-887AB1CE821C}.Release|Any CPU.ActiveCfg = Release|Any CPU
		{B4A02F7B-CE30-49CF-8240-887AB1CE821C}.Release|Any CPU.Build.0 = Release|Any CPU
		{DF5E9DED-062D-49D5-A0C0-D0C4D56DC3C1}.Debug|Any CPU.ActiveCfg = Debug|Any CPU
		{DF5E9DED-062D-49D5-A0C0-D0C4D56DC3C1}.Debug|Any CPU.Build.0 = Debug|Any CPU
		{DF5E9DED-062D-49D5-A0C0-D0C4D56DC3C1}.Release|Any CPU.ActiveCfg = Release|Any CPU
		{DF5E9DED-062D-49D5-A0C0-D0C4D56DC3C1}.Release|Any CPU.Build.0 = Release|Any CPU
		{98F46F8E-8893-4688-8E14-9957C6B31D43}.Debug|Any CPU.ActiveCfg = Debug|Any CPU
		{98F46F8E-8893-4688-8E14-9957C6B31D43}.Debug|Any CPU.Build.0 = Debug|Any CPU
		{98F46F8E-8893-4688-8E14-9957C6B31D43}.Release|Any CPU.ActiveCfg = Release|Any CPU
		{98F46F8E-8893-4688-8E14-9957C6B31D43}.Release|Any CPU.Build.0 = Release|Any CPU
		{BC39C81B-96B6-4F77-AF6B-F4801390334A}.Debug|Any CPU.ActiveCfg = Debug|Any CPU
		{BC39C81B-96B6-4F77-AF6B-F4801390334A}.Debug|Any CPU.Build.0 = Debug|Any CPU
		{BC39C81B-96B6-4F77-AF6B-F4801390334A}.Release|Any CPU.ActiveCfg = Release|Any CPU
		{BC39C81B-96B6-4F77-AF6B-F4801390334A}.Release|Any CPU.Build.0 = Release|Any CPU
		{17653E3E-6C99-4336-99B6-659BC6309C07}.Debug|Any CPU.ActiveCfg = Debug|Any CPU
		{17653E3E-6C99-4336-99B6-659BC6309C07}.Debug|Any CPU.Build.0 = Debug|Any CPU
		{17653E3E-6C99-4336-99B6-659BC6309C07}.Release|Any CPU.ActiveCfg = Release|Any CPU
		{17653E3E-6C99-4336-99B6-659BC6309C07}.Release|Any CPU.Build.0 = Release|Any CPU
		{B3330925-E8C5-454F-ABA3-3753DE26C55D}.Debug|Any CPU.ActiveCfg = Debug|Any CPU
		{B3330925-E8C5-454F-ABA3-3753DE26C55D}.Debug|Any CPU.Build.0 = Debug|Any CPU
		{B3330925-E8C5-454F-ABA3-3753DE26C55D}.Release|Any CPU.ActiveCfg = Release|Any CPU
		{B3330925-E8C5-454F-ABA3-3753DE26C55D}.Release|Any CPU.Build.0 = Release|Any CPU
		{DE39CDBC-3F69-48EC-9834-BE550875C41B}.Debug|Any CPU.ActiveCfg = Debug|Any CPU
		{DE39CDBC-3F69-48EC-9834-BE550875C41B}.Debug|Any CPU.Build.0 = Debug|Any CPU
		{DE39CDBC-3F69-48EC-9834-BE550875C41B}.Release|Any CPU.ActiveCfg = Release|Any CPU
		{DE39CDBC-3F69-48EC-9834-BE550875C41B}.Release|Any CPU.Build.0 = Release|Any CPU
		{CCB347CA-5199-428E-A5AD-0FCEA272B9BB}.Debug|Any CPU.ActiveCfg = Debug|Any CPU
		{CCB347CA-5199-428E-A5AD-0FCEA272B9BB}.Debug|Any CPU.Build.0 = Debug|Any CPU
		{CCB347CA-5199-428E-A5AD-0FCEA272B9BB}.Release|Any CPU.ActiveCfg = Release|Any CPU
		{CCB347CA-5199-428E-A5AD-0FCEA272B9BB}.Release|Any CPU.Build.0 = Release|Any CPU
		{CCD135E0-1FBF-4199-9542-8FBDA1426EF2}.Debug|Any CPU.ActiveCfg = Debug|Any CPU
		{CCD135E0-1FBF-4199-9542-8FBDA1426EF2}.Debug|Any CPU.Build.0 = Debug|Any CPU
		{CCD135E0-1FBF-4199-9542-8FBDA1426EF2}.Release|Any CPU.ActiveCfg = Release|Any CPU
		{CCD135E0-1FBF-4199-9542-8FBDA1426EF2}.Release|Any CPU.Build.0 = Release|Any CPU
		{67D8F05F-1973-4555-8DA5-EF7DCD06B823}.Debug|Any CPU.ActiveCfg = Debug|Any CPU
		{67D8F05F-1973-4555-8DA5-EF7DCD06B823}.Debug|Any CPU.Build.0 = Debug|Any CPU
		{67D8F05F-1973-4555-8DA5-EF7DCD06B823}.Release|Any CPU.ActiveCfg = Release|Any CPU
		{67D8F05F-1973-4555-8DA5-EF7DCD06B823}.Release|Any CPU.Build.0 = Release|Any CPU
		{B9C9B015-8284-4310-BEC3-6BD3E12140C1}.Debug|Any CPU.ActiveCfg = Debug|Any CPU
		{B9C9B015-8284-4310-BEC3-6BD3E12140C1}.Debug|Any CPU.Build.0 = Debug|Any CPU
		{B9C9B015-8284-4310-BEC3-6BD3E12140C1}.Release|Any CPU.ActiveCfg = Release|Any CPU
		{B9C9B015-8284-4310-BEC3-6BD3E12140C1}.Release|Any CPU.Build.0 = Release|Any CPU
		{630B2B5E-4863-4BAD-871B-93F60DAC7225}.Debug|Any CPU.ActiveCfg = Debug|Any CPU
		{630B2B5E-4863-4BAD-871B-93F60DAC7225}.Debug|Any CPU.Build.0 = Debug|Any CPU
		{630B2B5E-4863-4BAD-871B-93F60DAC7225}.Release|Any CPU.ActiveCfg = Release|Any CPU
		{630B2B5E-4863-4BAD-871B-93F60DAC7225}.Release|Any CPU.Build.0 = Release|Any CPU
		{0D8EF9CA-E7A3-4D72-A16A-FF67BBA944CC}.Debug|Any CPU.ActiveCfg = Debug|Any CPU
		{0D8EF9CA-E7A3-4D72-A16A-FF67BBA944CC}.Debug|Any CPU.Build.0 = Debug|Any CPU
		{0D8EF9CA-E7A3-4D72-A16A-FF67BBA944CC}.Release|Any CPU.ActiveCfg = Release|Any CPU
		{0D8EF9CA-E7A3-4D72-A16A-FF67BBA944CC}.Release|Any CPU.Build.0 = Release|Any CPU
		{B66F14F7-4E19-4993-9D96-B968A4F6D8CC}.Debug|Any CPU.ActiveCfg = Debug|Any CPU
		{B66F14F7-4E19-4993-9D96-B968A4F6D8CC}.Debug|Any CPU.Build.0 = Debug|Any CPU
		{B66F14F7-4E19-4993-9D96-B968A4F6D8CC}.Release|Any CPU.ActiveCfg = Release|Any CPU
		{B66F14F7-4E19-4993-9D96-B968A4F6D8CC}.Release|Any CPU.Build.0 = Release|Any CPU
		{BA94D977-1AE8-4BEA-8012-FF581F112B14}.Debug|Any CPU.ActiveCfg = Debug|Any CPU
		{BA94D977-1AE8-4BEA-8012-FF581F112B14}.Debug|Any CPU.Build.0 = Debug|Any CPU
		{BA94D977-1AE8-4BEA-8012-FF581F112B14}.Release|Any CPU.ActiveCfg = Release|Any CPU
		{BA94D977-1AE8-4BEA-8012-FF581F112B14}.Release|Any CPU.Build.0 = Release|Any CPU
		{4F2E0EBD-83BC-4A48-B491-5F8125DBAEA2}.Debug|Any CPU.ActiveCfg = Debug|Any CPU
		{4F2E0EBD-83BC-4A48-B491-5F8125DBAEA2}.Debug|Any CPU.Build.0 = Debug|Any CPU
		{4F2E0EBD-83BC-4A48-B491-5F8125DBAEA2}.Release|Any CPU.ActiveCfg = Release|Any CPU
		{4F2E0EBD-83BC-4A48-B491-5F8125DBAEA2}.Release|Any CPU.Build.0 = Release|Any CPU
		{DB304D00-BDFF-47C6-921E-C1000F556CDD}.Debug|Any CPU.ActiveCfg = Debug|Any CPU
		{DB304D00-BDFF-47C6-921E-C1000F556CDD}.Debug|Any CPU.Build.0 = Debug|Any CPU
		{DB304D00-BDFF-47C6-921E-C1000F556CDD}.Release|Any CPU.ActiveCfg = Release|Any CPU
		{DB304D00-BDFF-47C6-921E-C1000F556CDD}.Release|Any CPU.Build.0 = Release|Any CPU
		{758CF4C6-4E54-47A6-80C6-CDD0EB577A9F}.Debug|Any CPU.ActiveCfg = Debug|Any CPU
		{758CF4C6-4E54-47A6-80C6-CDD0EB577A9F}.Debug|Any CPU.Build.0 = Debug|Any CPU
		{758CF4C6-4E54-47A6-80C6-CDD0EB577A9F}.Release|Any CPU.ActiveCfg = Release|Any CPU
		{758CF4C6-4E54-47A6-80C6-CDD0EB577A9F}.Release|Any CPU.Build.0 = Release|Any CPU
		{52F1CF2F-8CCC-4235-89E2-3FA884482CB1}.Debug|Any CPU.ActiveCfg = Debug|Any CPU
		{52F1CF2F-8CCC-4235-89E2-3FA884482CB1}.Debug|Any CPU.Build.0 = Debug|Any CPU
		{52F1CF2F-8CCC-4235-89E2-3FA884482CB1}.Release|Any CPU.ActiveCfg = Release|Any CPU
		{52F1CF2F-8CCC-4235-89E2-3FA884482CB1}.Release|Any CPU.Build.0 = Release|Any CPU
		{9FCD33C0-79A6-4ACB-8E88-556647127F94}.Debug|Any CPU.ActiveCfg = Debug|Any CPU
		{9FCD33C0-79A6-4ACB-8E88-556647127F94}.Debug|Any CPU.Build.0 = Debug|Any CPU
		{9FCD33C0-79A6-4ACB-8E88-556647127F94}.Release|Any CPU.ActiveCfg = Release|Any CPU
		{9FCD33C0-79A6-4ACB-8E88-556647127F94}.Release|Any CPU.Build.0 = Release|Any CPU
		{793754A8-218F-48B2-AA35-14967ECBCE75}.Debug|Any CPU.ActiveCfg = Debug|Any CPU
		{793754A8-218F-48B2-AA35-14967ECBCE75}.Debug|Any CPU.Build.0 = Debug|Any CPU
		{793754A8-218F-48B2-AA35-14967ECBCE75}.Release|Any CPU.ActiveCfg = Release|Any CPU
		{793754A8-218F-48B2-AA35-14967ECBCE75}.Release|Any CPU.Build.0 = Release|Any CPU
		{4FF40E6C-0068-47BB-B222-A1CBB5BC4804}.Debug|Any CPU.ActiveCfg = Debug|Any CPU
		{4FF40E6C-0068-47BB-B222-A1CBB5BC4804}.Debug|Any CPU.Build.0 = Debug|Any CPU
		{4FF40E6C-0068-47BB-B222-A1CBB5BC4804}.Release|Any CPU.ActiveCfg = Release|Any CPU
		{4FF40E6C-0068-47BB-B222-A1CBB5BC4804}.Release|Any CPU.Build.0 = Release|Any CPU
		{81A28F16-570C-41CB-AE2E-0120AAB6ED9F}.Debug|Any CPU.ActiveCfg = Debug|Any CPU
		{81A28F16-570C-41CB-AE2E-0120AAB6ED9F}.Debug|Any CPU.Build.0 = Debug|Any CPU
		{81A28F16-570C-41CB-AE2E-0120AAB6ED9F}.Release|Any CPU.ActiveCfg = Release|Any CPU
		{81A28F16-570C-41CB-AE2E-0120AAB6ED9F}.Release|Any CPU.Build.0 = Release|Any CPU
		{86F995BB-7DD9-4453-A407-F7E9EE63C5D0}.Debug|Any CPU.ActiveCfg = Debug|Any CPU
		{86F995BB-7DD9-4453-A407-F7E9EE63C5D0}.Debug|Any CPU.Build.0 = Debug|Any CPU
		{86F995BB-7DD9-4453-A407-F7E9EE63C5D0}.Release|Any CPU.ActiveCfg = Release|Any CPU
		{86F995BB-7DD9-4453-A407-F7E9EE63C5D0}.Release|Any CPU.Build.0 = Release|Any CPU
		{7156A24B-2CBA-48FE-9B01-0FFD37ADA1D5}.Debug|Any CPU.ActiveCfg = Debug|Any CPU
		{7156A24B-2CBA-48FE-9B01-0FFD37ADA1D5}.Debug|Any CPU.Build.0 = Debug|Any CPU
		{7156A24B-2CBA-48FE-9B01-0FFD37ADA1D5}.Release|Any CPU.ActiveCfg = Release|Any CPU
		{7156A24B-2CBA-48FE-9B01-0FFD37ADA1D5}.Release|Any CPU.Build.0 = Release|Any CPU
		{B25CDA00-9066-4FCC-9CF3-2E091C877B1E}.Debug|Any CPU.ActiveCfg = Debug|Any CPU
		{B25CDA00-9066-4FCC-9CF3-2E091C877B1E}.Debug|Any CPU.Build.0 = Debug|Any CPU
		{B25CDA00-9066-4FCC-9CF3-2E091C877B1E}.Release|Any CPU.ActiveCfg = Release|Any CPU
		{B25CDA00-9066-4FCC-9CF3-2E091C877B1E}.Release|Any CPU.Build.0 = Release|Any CPU
		{0C2D338F-576D-4EA8-BCE5-FFA7D241513B}.Debug|Any CPU.ActiveCfg = Debug|Any CPU
		{0C2D338F-576D-4EA8-BCE5-FFA7D241513B}.Debug|Any CPU.Build.0 = Debug|Any CPU
		{0C2D338F-576D-4EA8-BCE5-FFA7D241513B}.Release|Any CPU.ActiveCfg = Release|Any CPU
		{0C2D338F-576D-4EA8-BCE5-FFA7D241513B}.Release|Any CPU.Build.0 = Release|Any CPU
		{578F6200-F943-455E-8AB7-C17201D434CA}.Debug|Any CPU.ActiveCfg = Debug|Any CPU
		{578F6200-F943-455E-8AB7-C17201D434CA}.Debug|Any CPU.Build.0 = Debug|Any CPU
		{578F6200-F943-455E-8AB7-C17201D434CA}.Release|Any CPU.ActiveCfg = Release|Any CPU
		{578F6200-F943-455E-8AB7-C17201D434CA}.Release|Any CPU.Build.0 = Release|Any CPU
		{44BDC023-81D7-4872-8750-EA6D1E4E968E}.Debug|Any CPU.ActiveCfg = Debug|Any CPU
		{44BDC023-81D7-4872-8750-EA6D1E4E968E}.Debug|Any CPU.Build.0 = Debug|Any CPU
		{44BDC023-81D7-4872-8750-EA6D1E4E968E}.Release|Any CPU.ActiveCfg = Release|Any CPU
		{44BDC023-81D7-4872-8750-EA6D1E4E968E}.Release|Any CPU.Build.0 = Release|Any CPU
		{68A990BD-A904-4BB2-9DFB-51BEFF95119A}.Debug|Any CPU.ActiveCfg = Debug|Any CPU
		{68A990BD-A904-4BB2-9DFB-51BEFF95119A}.Debug|Any CPU.Build.0 = Debug|Any CPU
		{68A990BD-A904-4BB2-9DFB-51BEFF95119A}.Release|Any CPU.ActiveCfg = Release|Any CPU
		{68A990BD-A904-4BB2-9DFB-51BEFF95119A}.Release|Any CPU.Build.0 = Release|Any CPU
		{A5ED2398-56AA-4836-9C4F-FDD6401C2B97}.Debug|Any CPU.ActiveCfg = Debug|Any CPU
		{A5ED2398-56AA-4836-9C4F-FDD6401C2B97}.Debug|Any CPU.Build.0 = Debug|Any CPU
		{A5ED2398-56AA-4836-9C4F-FDD6401C2B97}.Release|Any CPU.ActiveCfg = Release|Any CPU
		{A5ED2398-56AA-4836-9C4F-FDD6401C2B97}.Release|Any CPU.Build.0 = Release|Any CPU
	EndGlobalSection
	GlobalSection(SolutionProperties) = preSolution
		HideSolutionNode = FALSE
	EndGlobalSection
	GlobalSection(NestedProjects) = preSolution
		{20F95D73-4BD5-4DE4-85E8-6EC74B6A099D} = {95A76331-56BB-410B-BE6C-67035E2F0EDC}
		{CE642FBB-60B4-43B9-9ADE-83C1341FC523} = {6238711A-68AD-48A4-B332-5985E7978EC7}
		{1AEBC9D4-B627-4215-B4BE-9D8714E9196C} = {1D82D6CF-3080-4A5D-BCA9-B45370AD7EDF}
		{E646EF38-7469-4049-9821-C1F73478C017} = {0FAB3773-CADC-4721-9A6F-E1885E3FF208}
		{0C23F7DC-7AF0-4F02-BAC2-62FCF69E1C4C} = {1D82D6CF-3080-4A5D-BCA9-B45370AD7EDF}
		{867AC94D-0C2D-439A-BFA2-F8AB0A5CB0A1} = {7967BA9B-7783-43AE-8814-9C0E97796EC5}
		{4CE5AFB2-EE1D-465D-B28A-CA38D21478DB} = {7967BA9B-7783-43AE-8814-9C0E97796EC5}
		{1D82D6CF-3080-4A5D-BCA9-B45370AD7EDF} = {80FC75C7-FBCD-4CDB-A2EE-533D451AADF6}
		{7967BA9B-7783-43AE-8814-9C0E97796EC5} = {80FC75C7-FBCD-4CDB-A2EE-533D451AADF6}
		{5196FD4E-F414-465C-96DD-5C0CADFD0ED7} = {80FC75C7-FBCD-4CDB-A2EE-533D451AADF6}
		{0FBE39EE-C787-4622-BC73-94540BF8E189} = {5196FD4E-F414-465C-96DD-5C0CADFD0ED7}
		{950B198D-8935-4B2E-B6BA-3ACEACC5839C} = {5196FD4E-F414-465C-96DD-5C0CADFD0ED7}
		{2AEBCD23-071E-4AD8-A5C6-DE418446D035} = {95A76331-56BB-410B-BE6C-67035E2F0EDC}
		{F5408DD0-B620-4B3B-BA8D-BD44123C0CC2} = {6238711A-68AD-48A4-B332-5985E7978EC7}
		{80FC75C7-FBCD-4CDB-A2EE-533D451AADF6} = {E646EF38-7469-4049-9821-C1F73478C017}
		{7E76F822-7A71-40F5-A328-AF09E5B9C58C} = {E646EF38-7469-4049-9821-C1F73478C017}
		{3464D1F5-F12A-4E9F-B65C-26E6AE72B4CB} = {7E76F822-7A71-40F5-A328-AF09E5B9C58C}
		{3DCB4566-6E1D-4E93-8007-05A8B286ABF4} = {3464D1F5-F12A-4E9F-B65C-26E6AE72B4CB}
		{26EB7B24-7C01-42A3-BD4C-660AA6E89484} = {3464D1F5-F12A-4E9F-B65C-26E6AE72B4CB}
		{282358C2-0ECF-4920-9BDC-FBF73E89C6C0} = {7E76F822-7A71-40F5-A328-AF09E5B9C58C}
		{83450C69-7EBA-435C-9BC0-8503F7303057} = {282358C2-0ECF-4920-9BDC-FBF73E89C6C0}
		{8D18C7F7-9D9E-445D-B5F9-C4EED10AE7BC} = {282358C2-0ECF-4920-9BDC-FBF73E89C6C0}
		{F4DBDAD4-FE8D-48F3-8D3B-AA1872EF4A41} = {7E76F822-7A71-40F5-A328-AF09E5B9C58C}
		{32E230D1-1B30-4021-BBE2-CCC9F12A6B68} = {F4DBDAD4-FE8D-48F3-8D3B-AA1872EF4A41}
		{B4A02F7B-CE30-49CF-8240-887AB1CE821C} = {F4DBDAD4-FE8D-48F3-8D3B-AA1872EF4A41}
		{DF5E9DED-062D-49D5-A0C0-D0C4D56DC3C1} = {3464D1F5-F12A-4E9F-B65C-26E6AE72B4CB}
		{98F46F8E-8893-4688-8E14-9957C6B31D43} = {A6E582BF-5672-4F2F-B722-AB5D7F53E4F1}
		{BC39C81B-96B6-4F77-AF6B-F4801390334A} = {87581FA7-0D2E-4219-B66F-47BC4B3D152D}
		{87581FA7-0D2E-4219-B66F-47BC4B3D152D} = {6238711A-68AD-48A4-B332-5985E7978EC7}
		{17653E3E-6C99-4336-99B6-659BC6309C07} = {F4DBDAD4-FE8D-48F3-8D3B-AA1872EF4A41}
		{B3330925-E8C5-454F-ABA3-3753DE26C55D} = {282358C2-0ECF-4920-9BDC-FBF73E89C6C0}
		{DE39CDBC-3F69-48EC-9834-BE550875C41B} = {3464D1F5-F12A-4E9F-B65C-26E6AE72B4CB}
		{CCB347CA-5199-428E-A5AD-0FCEA272B9BB} = {F4DBDAD4-FE8D-48F3-8D3B-AA1872EF4A41}
		{CCD135E0-1FBF-4199-9542-8FBDA1426EF2} = {282358C2-0ECF-4920-9BDC-FBF73E89C6C0}
		{67D8F05F-1973-4555-8DA5-EF7DCD06B823} = {95A76331-56BB-410B-BE6C-67035E2F0EDC}
		{B9C9B015-8284-4310-BEC3-6BD3E12140C1} = {6238711A-68AD-48A4-B332-5985E7978EC7}
		{630B2B5E-4863-4BAD-871B-93F60DAC7225} = {3464D1F5-F12A-4E9F-B65C-26E6AE72B4CB}
		{0D8EF9CA-E7A3-4D72-A16A-FF67BBA944CC} = {3464D1F5-F12A-4E9F-B65C-26E6AE72B4CB}
		{B66F14F7-4E19-4993-9D96-B968A4F6D8CC} = {3464D1F5-F12A-4E9F-B65C-26E6AE72B4CB}
		{BA94D977-1AE8-4BEA-8012-FF581F112B14} = {282358C2-0ECF-4920-9BDC-FBF73E89C6C0}
		{4F2E0EBD-83BC-4A48-B491-5F8125DBAEA2} = {282358C2-0ECF-4920-9BDC-FBF73E89C6C0}
		{DB304D00-BDFF-47C6-921E-C1000F556CDD} = {282358C2-0ECF-4920-9BDC-FBF73E89C6C0}
		{758CF4C6-4E54-47A6-80C6-CDD0EB577A9F} = {F4DBDAD4-FE8D-48F3-8D3B-AA1872EF4A41}
		{52F1CF2F-8CCC-4235-89E2-3FA884482CB1} = {F4DBDAD4-FE8D-48F3-8D3B-AA1872EF4A41}
		{9FCD33C0-79A6-4ACB-8E88-556647127F94} = {F4DBDAD4-FE8D-48F3-8D3B-AA1872EF4A41}
		{793754A8-218F-48B2-AA35-14967ECBCE75} = {95A76331-56BB-410B-BE6C-67035E2F0EDC}
		{4FF40E6C-0068-47BB-B222-A1CBB5BC4804} = {6238711A-68AD-48A4-B332-5985E7978EC7}
		{81A28F16-570C-41CB-AE2E-0120AAB6ED9F} = {3464D1F5-F12A-4E9F-B65C-26E6AE72B4CB}
		{86F995BB-7DD9-4453-A407-F7E9EE63C5D0} = {3464D1F5-F12A-4E9F-B65C-26E6AE72B4CB}
		{7156A24B-2CBA-48FE-9B01-0FFD37ADA1D5} = {3464D1F5-F12A-4E9F-B65C-26E6AE72B4CB}
		{B25CDA00-9066-4FCC-9CF3-2E091C877B1E} = {282358C2-0ECF-4920-9BDC-FBF73E89C6C0}
		{0C2D338F-576D-4EA8-BCE5-FFA7D241513B} = {282358C2-0ECF-4920-9BDC-FBF73E89C6C0}
		{578F6200-F943-455E-8AB7-C17201D434CA} = {282358C2-0ECF-4920-9BDC-FBF73E89C6C0}
		{44BDC023-81D7-4872-8750-EA6D1E4E968E} = {F4DBDAD4-FE8D-48F3-8D3B-AA1872EF4A41}
		{68A990BD-A904-4BB2-9DFB-51BEFF95119A} = {F4DBDAD4-FE8D-48F3-8D3B-AA1872EF4A41}
		{A5ED2398-56AA-4836-9C4F-FDD6401C2B97} = {F4DBDAD4-FE8D-48F3-8D3B-AA1872EF4A41}
	EndGlobalSection
	GlobalSection(ExtensibilityGlobals) = postSolution
		SolutionGuid = {ACC25F40-F46F-4534-8287-48AA983A694F}
	EndGlobalSection
EndGlobal
